
Microsoft Visual Studio Solution File, Format Version 12.00
# Visual Studio Version 16
VisualStudioVersion = 16.0.30503.244
MinimumVisualStudioVersion = 10.0.40219.1
Project("{F184B08F-C81C-45F6-A57F-5ABD9991F28F}") = "VKWebApplication", "VKWebApplication\VKWebApplication.vbproj", "{0F8E2FE7-7629-42DD-A2C3-27948B2EEFAE}"
EndProject
Global
	GlobalSection(SolutionConfigurationPlatforms) = preSolution
		Debug|Any CPU = Debug|Any CPU
		Release|Any CPU = Release|Any CPU
	EndGlobalSection
	GlobalSection(ProjectConfigurationPlatforms) = postSolution
		{0F8E2FE7-7629-42DD-A2C3-27948B2EEFAE}.Debug|Any CPU.ActiveCfg = Debug|Any CPU
		{0F8E2FE7-7629-42DD-A2C3-27948B2EEFAE}.Debug|Any CPU.Build.0 = Debug|Any CPU
		{0F8E2FE7-7629-42DD-A2C3-27948B2EEFAE}.Release|Any CPU.ActiveCfg = Release|Any CPU
		{0F8E2FE7-7629-42DD-A2C3-27948B2EEFAE}.Release|Any CPU.Build.0 = Release|Any CPU
	EndGlobalSection
	GlobalSection(SolutionProperties) = preSolution
		HideSolutionNode = FALSE
	EndGlobalSection
	GlobalSection(ExtensibilityGlobals) = postSolution
		SolutionGuid = {05905795-63E0-4C8B-82FF-23E44D2B5EBA}
	EndGlobalSection
EndGlobal
